%{"bunt": {:hex, :bunt, "0.1.4"},
  "certifi": {:hex, :certifi, "0.3.0"},
  "credo": {:hex, :credo, "0.3.0-dev"},
  "excoveralls": {:hex, :excoveralls, "0.4.5"},
  "exjsx": {:hex, :exjsx, "3.2.0"},
  "hackney": {:hex, :hackney, "1.4.8"},
  "httpotion": {:hex, :httpotion, "2.1.0"},
  "ibrowse": {:git, "https://github.com/cmullaparthi/ibrowse.git", "ea3305d21f37eced4fac290f64b068e56df7de80", [tag: "v4.1.2"]},
  "idna": {:hex, :idna, "1.0.3"},
  "jsx": {:hex, :jsx, "2.6.2"},
  "meck": {:hex, :meck, "0.8.4"},
  "mimerl": {:hex, :mimerl, "1.0.2"},
  "mock": {:hex, :mock, "0.1.1"},
  "poison": {:hex, :poison, "1.5.2"},
  "ssl_verify_hostname": {:hex, :ssl_verify_hostname, "1.0.5"}}
